// !$*UTF8*$!
{
	archiveVersion = 1;
	classes = {
	};
	objectVersion = 50;
	objects = {

/* Begin PBXBuildFile section */
		735C7BD92219580B0053246C /* AppDelegate.swift in Sources */ = {isa = PBXBuildFile; fileRef = 735C7BD82219580B0053246C /* AppDelegate.swift */; };
		735C7BDB2219580B0053246C /* ViewController.swift in Sources */ = {isa = PBXBuildFile; fileRef = 735C7BDA2219580B0053246C /* ViewController.swift */; };
		735C7BDE2219580B0053246C /* Main.storyboard in Resources */ = {isa = PBXBuildFile; fileRef = 735C7BDC2219580B0053246C /* Main.storyboard */; };
		735C7BE12219580B0053246C /* Zooming.xcdatamodeld in Sources */ = {isa = PBXBuildFile; fileRef = 735C7BDF2219580B0053246C /* Zooming.xcdatamodeld */; };
		735C7BE32219580D0053246C /* Assets.xcassets in Resources */ = {isa = PBXBuildFile; fileRef = 735C7BE22219580D0053246C /* Assets.xcassets */; };
		735C7BE62219580D0053246C /* LaunchScreen.storyboard in Resources */ = {isa = PBXBuildFile; fileRef = 735C7BE42219580D0053246C /* LaunchScreen.storyboard */; };
		735C7BEE22195C150053246C /* s1200.jpg in Resources */ = {isa = PBXBuildFile; fileRef = 735C7BED22195C150053246C /* s1200.jpg */; };
/* End PBXBuildFile section */

/* Begin PBXFileReference section */
		735C7BD52219580B0053246C /* Zooming.app */ = {isa = PBXFileReference; explicitFileType = wrapper.application; includeInIndex = 0; path = Zooming.app; sourceTree = BUILT_PRODUCTS_DIR; };
		735C7BD82219580B0053246C /* AppDelegate.swift */ = {isa = PBXFileReference; lastKnownFileType = sourcecode.swift; path = AppDelegate.swift; sourceTree = "<group>"; };
		735C7BDA2219580B0053246C /* ViewController.swift */ = {isa = PBXFileReference; lastKnownFileType = sourcecode.swift; path = ViewController.swift; sourceTree = "<group>"; };
		735C7BDD2219580B0053246C /* Base */ = {isa = PBXFileReference; lastKnownFileType = file.storyboard; name = Base; path = Base.lproj/Main.storyboard; sourceTree = "<group>"; };
		735C7BE02219580B0053246C /* Zooming.xcdatamodel */ = {isa = PBXFileReference; lastKnownFileType = wrapper.xcdatamodel; path = Zooming.xcdatamodel; sourceTree = "<group>"; };
		735C7BE22219580D0053246C /* Assets.xcassets */ = {isa = PBXFileReference; lastKnownFileType = folder.assetcatalog; path = Assets.xcassets; sourceTree = "<group>"; };
		735C7BE52219580D0053246C /* Base */ = {isa = PBXFileReference; lastKnownFileType = file.storyboard; name = Base; path = Base.lproj/LaunchScreen.storyboard; sourceTree = "<group>"; };
		735C7BE72219580D0053246C /* Info.plist */ = {isa = PBXFileReference; lastKnownFileType = text.plist.xml; path = Info.plist; sourceTree = "<group>"; };
		735C7BED22195C150053246C /* s1200.jpg */ = {isa = PBXFileReference; lastKnownFileType = image.jpeg; path = s1200.jpg; sourceTree = "<group>"; };
/* End PBXFileReference section */

/* Begin PBXFrameworksBuildPhase section */
		735C7BD22219580B0053246C /* Frameworks */ = {
			isa = PBXFrameworksBuildPhase;
			buildActionMask = 2147483647;
			files = (
			);
			runOnlyForDeploymentPostprocessing = 0;
		};
/* End PBXFrameworksBuildPhase section */

/* Begin PBXGroup section */
		735C7BCC2219580B0053246C = {
			isa = PBXGroup;
			children = (
				735C7BD72219580B0053246C /* Zooming */,
				735C7BD62219580B0053246C /* Products */,
			);
			sourceTree = "<group>";
		};
		735C7BD62219580B0053246C /* Products */ = {
			isa = PBXGroup;
			children = (
				735C7BD52219580B0053246C /* Zooming.app */,
			);
			name = Products;
			sourceTree = "<group>";
		};
		735C7BD72219580B0053246C /* Zooming */ = {
			isa = PBXGroup;
			children = (
				735C7BD82219580B0053246C /* AppDelegate.swift */,
				735C7BDA2219580B0053246C /* ViewController.swift */,
				735C7BDC2219580B0053246C /* Main.storyboard */,
				735C7BE22219580D0053246C /* Assets.xcassets */,
				735C7BED22195C150053246C /* s1200.jpg */,
				735C7BE42219580D0053246C /* LaunchScreen.storyboard */,
				735C7BE72219580D0053246C /* Info.plist */,
				735C7BDF2219580B0053246C /* Zooming.xcdatamodeld */,
			);
			path = Zooming;
			sourceTree = "<group>";
		};
/* End PBXGroup section */

/* Begin PBXNativeTarget section */
		735C7BD42219580B0053246C /* Zooming */ = {
			isa = PBXNativeTarget;
			buildConfigurationList = 735C7BEA2219580D0053246C /* Build configuration list for PBXNativeTarget "Zooming" */;
			buildPhases = (
				735C7BD12219580B0053246C /* Sources */,
				735C7BD22219580B0053246C /* Frameworks */,
				735C7BD32219580B0053246C /* Resources */,
			);
			buildRules = (
			);
			dependencies = (
			);
			name = Zooming;
			productName = Zooming;
			productReference = 735C7BD52219580B0053246C /* Zooming.app */;
			productType = "com.apple.product-type.application";
		};
/* End PBXNativeTarget section */

/* Begin PBXProject section */
		735C7BCD2219580B0053246C /* Project object */ = {
			isa = PBXProject;
			attributes = {
				LastSwiftUpdateCheck = 1010;
				LastUpgradeCheck = 1010;
				ORGANIZATIONNAME = "Dmitry Berezin";
				TargetAttributes = {
					735C7BD42219580B0053246C = {
						CreatedOnToolsVersion = 10.1;
					};
				};
			};
			buildConfigurationList = 735C7BD02219580B0053246C /* Build configuration list for PBXProject "Zooming" */;
			compatibilityVersion = "Xcode 9.3";
			developmentRegion = en;
			hasScannedForEncodings = 0;
			knownRegions = (
				en,
				Base,
			);
			mainGroup = 735C7BCC2219580B0053246C;
			productRefGroup = 735C7BD62219580B0053246C /* Products */;
			projectDirPath = "";
			projectRoot = "";
			targets = (
				735C7BD42219580B0053246C /* Zooming */,
			);
		};
/* End PBXProject section */

/* Begin PBXResourcesBuildPhase section */
		735C7BD32219580B0053246C /* Resources */ = {
			isa = PBXResourcesBuildPhase;
			buildActionMask = 2147483647;
			files = (
				735C7BE62219580D0053246C /* LaunchScreen.storyboard in Resources */,
				735C7BE32219580D0053246C /* Assets.xcassets in Resources */,
				735C7BEE22195C150053246C /* s1200.jpg in Resources */,
				735C7BDE2219580B0053246C /* Main.storyboard in Resources */,
			);
			runOnlyForDeploymentPostprocessing = 0;
		};
/* End PBXResourcesBuildPhase section */

/* Begin PBXSourcesBuildPhase section */
		735C7BD12219580B0053246C /* Sources */ = {
			isa = PBXSourcesBuildPhase;
			buildActionMask = 2147483647;
			files = (
				735C7BDB2219580B0053246C /* ViewController.swift in Sources */,
				735C7BD92219580B0053246C /* AppDelegate.swift in Sources */,
				735C7BE12219580B0053246C /* Zooming.xcdatamodeld in Sources */,
			);
			runOnlyForDeploymentPostprocessing = 0;
		};
/* End PBXSourcesBuildPhase section */

/* Begin PBXVariantGroup section */
		735C7BDC2219580B0053246C /* Main.storyboard */ = {
			isa = PBXVariantGroup;
			children = (
				735C7BDD2219580B0053246C /* Base */,
			);
			name = Main.storyboard;
			sourceTree = "<group>";
		};
		735C7BE42219580D0053246C /* LaunchScreen.storyboard */ = {
			isa = PBXVariantGroup;
			children = (
				735C7BE52219580D0053246C /* Base */,
			);
			name = LaunchScreen.storyboard;
			sourceTree = "<group>";
		};
/* End PBXVariantGroup section */

/* Begin XCBuildConfiguration section */
		735C7BE82219580D0053246C /* Debug */ = {
			isa = XCBuildConfiguration;
			buildSettings = {
				ALWAYS_SEARCH_USER_PATHS = NO;
				CLANG_ANALYZER_NONNULL = YES;
				CLANG_ANALYZER_NUMBER_OBJECT_CONVERSION = YES_AGGRESSIVE;
				CLANG_CXX_LANGUAGE_STANDARD = "gnu++14";
				CLANG_CXX_LIBRARY = "libc++";
				CLANG_ENABLE_MODULES = YES;
				CLANG_ENABLE_OBJC_ARC = YES;
				CLANG_ENABLE_OBJC_WEAK = YES;
				CLANG_WARN_BLOCK_CAPTURE_AUTORELEASING = YES;
				CLANG_WARN_BOOL_CONVERSION = YES;
				CLANG_WARN_COMMA = YES;
				CLANG_WARN_CONSTANT_CONVERSION = YES;
				CLANG_WARN_DEPRECATED_OBJC_IMPLEMENTATIONS = YES;
				CLANG_WARN_DIRECT_OBJC_ISA_USAGE = YES_ERROR;
				CLANG_WARN_DOCUMENTATION_COMMENTS = YES;
				CLANG_WARN_EMPTY_BODY = YES;
				CLANG_WARN_ENUM_CONVERSION = YES;
				CLANG_WARN_INFINITE_RECURSION = YES;
				CLANG_WARN_INT_CONVERSION = YES;
				CLANG_WARN_NON_LITERAL_NULL_CONVERSION = YES;
				CLANG_WARN_OBJC_IMPLICIT_RETAIN_SELF = YES;
				CLANG_WARN_OBJC_LITERAL_CONVERSION = YES;
				CLANG_WARN_OBJC_ROOT_CLASS = YES_ERROR;
				CLANG_WARN_RANGE_LOOP_ANALYSIS = YES;
				CLANG_WARN_STRICT_PROTOTYPES = YES;
				CLANG_WARN_SUSPICIOUS_MOVE = YES;
				CLANG_WARN_UNGUARDED_AVAILABILITY = YES_AGGRESSIVE;
				CLANG_WARN_UNREACHABLE_CODE = YES;
				CLANG_WARN__DUPLICATE_METHOD_MATCH = YES;
				CODE_SIGN_IDENTITY = "iPhone Developer";
				COPY_PHASE_STRIP = NO;
				DEBUG_INFORMATION_FORMAT = dwarf;
				ENABLE_STRICT_OBJC_MSGSEND = YES;
				ENABLE_TESTABILITY = YES;
				GCC_C_LANGUAGE_STANDARD = gnu11;
				GCC_DYNAMIC_NO_PIC = NO;
				GCC_NO_COMMON_BLOCKS = YES;
				GCC_OPTIMIZATION_LEVEL = 0;
				GCC_PREPROCESSOR_DEFINITIONS = (
					"DEBUG=1",
					"$(inherited)",
				);
				GCC_WARN_64_TO_32_BIT_CONVERSION = YES;
				GCC_WARN_ABOUT_RETURN_TYPE = YES_ERROR;
				GCC_WARN_UNDECLARED_SELECTOR = YES;
				GCC_WARN_UNINITIALIZED_AUTOS = YES_AGGRESSIVE;
				GCC_WARN_UNUSED_FUNCTION = YES;
				GCC_WARN_UNUSED_VARIABLE = YES;
				IPHONEOS_DEPLOYMENT_TARGET = 12.1;
				MTL_ENABLE_DEBUG_INFO = INCLUDE_SOURCE;
				MTL_FAST_MATH = YES;
				ONLY_ACTIVE_ARCH = YES;
				SDKROOT = iphoneos;
				SWIFT_ACTIVE_COMPILATION_CONDITIONS = DEBUG;
				SWIFT_OPTIMIZATION_LEVEL = "-Onone";
			};
			name = Debug;
		};
		735C7BE92219580D0053246C /* Release */ = {
			isa = XCBuildConfiguration;
			buildSettings = {
				ALWAYS_SEARCH_USER_PATHS = NO;
				CLANG_ANALYZER_NONNULL = YES;
				CLANG_ANALYZER_NUMBER_OBJECT_CONVERSION = YES_AGGRESSIVE;
				CLANG_CXX_LANGUAGE_STANDARD = "gnu++14";
				CLANG_CXX_LIBRARY = "libc++";
				CLANG_ENABLE_MODULES = YES;
				CLANG_ENABLE_OBJC_ARC = YES;
				CLANG_ENABLE_OBJC_WEAK = YES;
				CLANG_WARN_BLOCK_CAPTURE_AUTORELEASING = YES;
				CLANG_WARN_BOOL_CONVERSION = YES;
				CLANG_WARN_COMMA = YES;
				CLANG_WARN_CONSTANT_CONVERSION = YES;
				CLANG_WARN_DEPRECATED_OBJC_IMPLEMENTATIONS = YES;
				CLANG_WARN_DIRECT_OBJC_ISA_USAGE = YES_ERROR;
				CLANG_WARN_DOCUMENTATION_COMMENTS = YES;
				CLANG_WARN_EMPTY_BODY = YES;
				CLANG_WARN_ENUM_CONVERSION = YES;
				CLANG_WARN_INFINITE_RECURSION = YES;
				CLANG_WARN_INT_CONVERSION = YES;
				CLANG_WARN_NON_LITERAL_NULL_CONVERSION = YES;
				CLANG_WARN_OBJC_IMPLICIT_RETAIN_SELF = YES;
				CLANG_WARN_OBJC_LITERAL_CONVERSION = YES;
				CLANG_WARN_OBJC_ROOT_CLASS = YES_ERROR;
				CLANG_WARN_RANGE_LOOP_ANALYSIS = YES;
				CLANG_WARN_STRICT_PROTOTYPES = YES;
				CLANG_WARN_SUSPICIOUS_MOVE = YES;
				CLANG_WARN_UNGUARDED_AVAILABILITY = YES_AGGRESSIVE;
				CLANG_WARN_UNREACHABLE_CODE = YES;
				CLANG_WARN__DUPLICATE_METHOD_MATCH = YES;
				CODE_SIGN_IDENTITY = "iPhone Developer";
				COPY_PHASE_STRIP = NO;
				DEBUG_INFORMATION_FORMAT = "dwarf-with-dsym";
				ENABLE_NS_ASSERTIONS = NO;
				ENABLE_STRICT_OBJC_MSGSEND = YES;
				GCC_C_LANGUAGE_STANDARD = gnu11;
				GCC_NO_COMMON_BLOCKS = YES;
				GCC_WARN_64_TO_32_BIT_CONVERSION = YES;
				GCC_WARN_ABOUT_RETURN_TYPE = YES_ERROR;
				GCC_WARN_UNDECLARED_SELECTOR = YES;
				GCC_WARN_UNINITIALIZED_AUTOS = YES_AGGRESSIVE;
				GCC_WARN_UNUSED_FUNCTION = YES;
				GCC_WARN_UNUSED_VARIABLE = YES;
				IPHONEOS_DEPLOYMENT_TARGET = 12.1;
				MTL_ENABLE_DEBUG_INFO = NO;
				MTL_FAST_MATH = YES;
				SDKROOT = iphoneos;
				SWIFT_COMPILATION_MODE = wholemodule;
				SWIFT_OPTIMIZATION_LEVEL = "-O";
				VALIDATE_PRODUCT = YES;
			};
			name = Release;
		};
		735C7BEB2219580D0053246C /* Debug */ = {
			isa = XCBuildConfiguration;
			buildSettings = {
				ASSETCATALOG_COMPILER_APPICON_NAME = AppIcon;
				CODE_SIGN_STYLE = Automatic;
				DEVELOPMENT_TEAM = EL2F2DUNV5;
				INFOPLIST_FILE = Zooming/Info.plist;
				LD_RUNPATH_SEARCH_PATHS = (
					"$(inherited)",
					"@executable_path/Frameworks",
				);
				PRODUCT_BUNDLE_IDENTIFIER = com.laserito.Zooming;
				PRODUCT_NAME = "$(TARGET_NAME)";
				SWIFT_VERSION = 4.2;
				TARGETED_DEVICE_FAMILY = "1,2";
			};
			name = Debug;
		};
		735C7BEC2219580D0053246C /* Release */ = {
			isa = XCBuildConfiguration;
			buildSettings = {
				ASSETCATALOG_COMPILER_APPICON_NAME = AppIcon;
				CODE_SIGN_STYLE = Automatic;
				DEVELOPMENT_TEAM = EL2F2DUNV5;
				INFOPLIST_FILE = Zooming/Info.plist;
				LD_RUNPATH_SEARCH_PATHS = (
					"$(inherited)",
					"@executable_path/Frameworks",
				);
				PRODUCT_BUNDLE_IDENTIFIER = com.laserito.Zooming;
				PRODUCT_NAME = "$(TARGET_NAME)";
				SWIFT_VERSION = 4.2;
				TARGETED_DEVICE_FAMILY = "1,2";
			};
			name = Release;
		};
/* End XCBuildConfiguration section */

/* Begin XCConfigurationList section */
		735C7BD02219580B0053246C /* Build configuration list for PBXProject "Zooming" */ = {
			isa = XCConfigurationList;
			buildConfigurations = (
				735C7BE82219580D0053246C /* Debug */,
				735C7BE92219580D0053246C /* Release */,
			);
			defaultConfigurationIsVisible = 0;
			defaultConfigurationName = Release;
		};
		735C7BEA2219580D0053246C /* Build configuration list for PBXNativeTarget "Zooming" */ = {
			isa = XCConfigurationList;
			buildConfigurations = (
				735C7BEB2219580D0053246C /* Debug */,
				735C7BEC2219580D0053246C /* Release */,
			);
			defaultConfigurationIsVisible = 0;
			defaultConfigurationName = Release;
		};
/* End XCConfigurationList section */

/* Begin XCVersionGroup section */
		735C7BDF2219580B0053246C /* Zooming.xcdatamodeld */ = {
			isa = XCVersionGroup;
			children = (
				735C7BE02219580B0053246C /* Zooming.xcdatamodel */,
			);
			currentVersion = 735C7BE02219580B0053246C /* Zooming.xcdatamodel */;
			path = Zooming.xcdatamodeld;
			sourceTree = "<group>";
			versionGroupType = wrapper.xcdatamodel;
		};
/* End XCVersionGroup section */
	};
	rootObject = 735C7BCD2219580B0053246C /* Project object */;
}
